
Microsoft Visual Studio Solution File, Format Version 12.00
# Visual Studio 15
VisualStudioVersion = 15.0.28307.779
MinimumVisualStudioVersion = 10.0.40219.1
Project("{FAE04EC0-301F-11D3-BF4B-00C04F79EFBC}") = "SmallBusinessManagementSystemApp", "SmallBusinessManagementSystemApp\SmallBusinessManagementSystemApp.csproj", "{FC8FA30E-C9EA-48E1-B925-9A6DC9AFDF88}"
EndProject
Global
	GlobalSection(SolutionConfigurationPlatforms) = preSolution
		Debug|Any CPU = Debug|Any CPU
		Release|Any CPU = Release|Any CPU
	EndGlobalSection
	GlobalSection(ProjectConfigurationPlatforms) = postSolution
		{FC8FA30E-C9EA-48E1-B925-9A6DC9AFDF88}.Debug|Any CPU.ActiveCfg = Debug|Any CPU
		{FC8FA30E-C9EA-48E1-B925-9A6DC9AFDF88}.Debug|Any CPU.Build.0 = Debug|Any CPU
		{FC8FA30E-C9EA-48E1-B925-9A6DC9AFDF88}.Release|Any CPU.ActiveCfg = Release|Any CPU
		{FC8FA30E-C9EA-48E1-B925-9A6DC9AFDF88}.Release|Any CPU.Build.0 = Release|Any CPU
	EndGlobalSection
	GlobalSection(SolutionProperties) = preSolution
		HideSolutionNode = FALSE
	EndGlobalSection
	GlobalSection(ExtensibilityGlobals) = postSolution
		SolutionGuid = {EA8F0780-9AB0-4F19-9520-15EC2EDFE0F5}
	EndGlobalSection
EndGlobal
